// !$*UTF8*$!
{
	archiveVersion = 1;
	classes = {
	};
	objectVersion = 50;
	objects = {

/* Begin PBXBuildFile section */
		9800727B26B9717D001056A6 /* TemperatureViewController.swift in Sources */ = {isa = PBXBuildFile; fileRef = 9800727A26B9717D001056A6 /* TemperatureViewController.swift */; };
		98790AA526B6BA1A00C2514E /* AppDelegate.swift in Sources */ = {isa = PBXBuildFile; fileRef = 98790AA426B6BA1A00C2514E /* AppDelegate.swift */; };
		98790AA726B6BA1A00C2514E /* SceneDelegate.swift in Sources */ = {isa = PBXBuildFile; fileRef = 98790AA626B6BA1A00C2514E /* SceneDelegate.swift */; };
		98790AA926B6BA1A00C2514E /* ViewController.swift in Sources */ = {isa = PBXBuildFile; fileRef = 98790AA826B6BA1A00C2514E /* ViewController.swift */; };
		98790AAC26B6BA1A00C2514E /* Main.storyboard in Resources */ = {isa = PBXBuildFile; fileRef = 98790AAA26B6BA1A00C2514E /* Main.storyboard */; };
		98790AAE26B6BA1C00C2514E /* Assets.xcassets in Resources */ = {isa = PBXBuildFile; fileRef = 98790AAD26B6BA1C00C2514E /* Assets.xcassets */; };
		98790AB126B6BA1C00C2514E /* LaunchScreen.storyboard in Resources */ = {isa = PBXBuildFile; fileRef = 98790AAF26B6BA1C00C2514E /* LaunchScreen.storyboard */; };
		9890268426BC0C240047A9F3 /* Property List.plist in Resources */ = {isa = PBXBuildFile; fileRef = 9890268326BC0C240047A9F3 /* Property List.plist */; };
		9890268626BCCF120047A9F3 /* Weather.swift in Sources */ = {isa = PBXBuildFile; fileRef = 9890268526BCCF120047A9F3 /* Weather.swift */; };
/* End PBXBuildFile section */

/* Begin PBXFileReference section */
		9800727A26B9717D001056A6 /* TemperatureViewController.swift */ = {isa = PBXFileReference; lastKnownFileType = sourcecode.swift; path = TemperatureViewController.swift; sourceTree = "<group>"; };
		98790AA126B6BA1A00C2514E /* Weather.app */ = {isa = PBXFileReference; explicitFileType = wrapper.application; includeInIndex = 0; path = Weather.app; sourceTree = BUILT_PRODUCTS_DIR; };
		98790AA426B6BA1A00C2514E /* AppDelegate.swift */ = {isa = PBXFileReference; lastKnownFileType = sourcecode.swift; path = AppDelegate.swift; sourceTree = "<group>"; };
		98790AA626B6BA1A00C2514E /* SceneDelegate.swift */ = {isa = PBXFileReference; lastKnownFileType = sourcecode.swift; path = SceneDelegate.swift; sourceTree = "<group>"; };
		98790AA826B6BA1A00C2514E /* ViewController.swift */ = {isa = PBXFileReference; lastKnownFileType = sourcecode.swift; path = ViewController.swift; sourceTree = "<group>"; };
		98790AAB26B6BA1A00C2514E /* Base */ = {isa = PBXFileReference; lastKnownFileType = file.storyboard; name = Base; path = Base.lproj/Main.storyboard; sourceTree = "<group>"; };
		98790AAD26B6BA1C00C2514E /* Assets.xcassets */ = {isa = PBXFileReference; lastKnownFileType = folder.assetcatalog; path = Assets.xcassets; sourceTree = "<group>"; };
		98790AB026B6BA1C00C2514E /* Base */ = {isa = PBXFileReference; lastKnownFileType = file.storyboard; name = Base; path = Base.lproj/LaunchScreen.storyboard; sourceTree = "<group>"; };
		98790AB226B6BA1C00C2514E /* Info.plist */ = {isa = PBXFileReference; lastKnownFileType = text.plist.xml; path = Info.plist; sourceTree = "<group>"; };
		9890268326BC0C240047A9F3 /* Property List.plist */ = {isa = PBXFileReference; lastKnownFileType = text.plist.xml; path = "Property List.plist"; sourceTree = "<group>"; };
		9890268526BCCF120047A9F3 /* Weather.swift */ = {isa = PBXFileReference; lastKnownFileType = sourcecode.swift; path = Weather.swift; sourceTree = "<group>"; };
/* End PBXFileReference section */

/* Begin PBXFrameworksBuildPhase section */
		98790A9E26B6BA1A00C2514E /* Frameworks */ = {
			isa = PBXFrameworksBuildPhase;
			buildActionMask = 2147483647;
			files = (
			);
			runOnlyForDeploymentPostprocessing = 0;
		};
/* End PBXFrameworksBuildPhase section */

/* Begin PBXGroup section */
		98790A9826B6BA1A00C2514E = {
			isa = PBXGroup;
			children = (
				98790AA326B6BA1A00C2514E /* Weather */,
				98790AA226B6BA1A00C2514E /* Products */,
			);
			sourceTree = "<group>";
		};
		98790AA226B6BA1A00C2514E /* Products */ = {
			isa = PBXGroup;
			children = (
				98790AA126B6BA1A00C2514E /* Weather.app */,
			);
			name = Products;
			sourceTree = "<group>";
		};
		98790AA326B6BA1A00C2514E /* Weather */ = {
			isa = PBXGroup;
			children = (
				98790AA426B6BA1A00C2514E /* AppDelegate.swift */,
				98790AA626B6BA1A00C2514E /* SceneDelegate.swift */,
				98790AA826B6BA1A00C2514E /* ViewController.swift */,
				9890268326BC0C240047A9F3 /* Property List.plist */,
				9800727A26B9717D001056A6 /* TemperatureViewController.swift */,
				98790AAA26B6BA1A00C2514E /* Main.storyboard */,
				98790AAD26B6BA1C00C2514E /* Assets.xcassets */,
				98790AAF26B6BA1C00C2514E /* LaunchScreen.storyboard */,
				98790AB226B6BA1C00C2514E /* Info.plist */,
				9890268526BCCF120047A9F3 /* Weather.swift */,
			);
			path = Weather;
			sourceTree = "<group>";
		};
/* End PBXGroup section */

/* Begin PBXNativeTarget section */
		98790AA026B6BA1A00C2514E /* Weather */ = {
			isa = PBXNativeTarget;
			buildConfigurationList = 98790AB526B6BA1C00C2514E /* Build configuration list for PBXNativeTarget "Weather" */;
			buildPhases = (
				98790A9D26B6BA1A00C2514E /* Sources */,
				98790A9E26B6BA1A00C2514E /* Frameworks */,
				98790A9F26B6BA1A00C2514E /* Resources */,
			);
			buildRules = (
			);
			dependencies = (
			);
			name = Weather;
			productName = Weather;
			productReference = 98790AA126B6BA1A00C2514E /* Weather.app */;
			productType = "com.apple.product-type.application";
		};
/* End PBXNativeTarget section */

/* Begin PBXProject section */
		98790A9926B6BA1A00C2514E /* Project object */ = {
			isa = PBXProject;
			attributes = {
				LastSwiftUpdateCheck = 1250;
				LastUpgradeCheck = 1250;
				TargetAttributes = {
					98790AA026B6BA1A00C2514E = {
						CreatedOnToolsVersion = 12.5;
					};
				};
			};
			buildConfigurationList = 98790A9C26B6BA1A00C2514E /* Build configuration list for PBXProject "Weather" */;
			compatibilityVersion = "Xcode 9.3";
			developmentRegion = en;
			hasScannedForEncodings = 0;
			knownRegions = (
				en,
				Base,
			);
			mainGroup = 98790A9826B6BA1A00C2514E;
			productRefGroup = 98790AA226B6BA1A00C2514E /* Products */;
			projectDirPath = "";
			projectRoot = "";
			targets = (
				98790AA026B6BA1A00C2514E /* Weather */,
			);
		};
/* End PBXProject section */

/* Begin PBXResourcesBuildPhase section */
		98790A9F26B6BA1A00C2514E /* Resources */ = {
			isa = PBXResourcesBuildPhase;
			buildActionMask = 2147483647;
			files = (
				98790AB126B6BA1C00C2514E /* LaunchScreen.storyboard in Resources */,
				98790AAE26B6BA1C00C2514E /* Assets.xcassets in Resources */,
				9890268426BC0C240047A9F3 /* Property List.plist in Resources */,
				98790AAC26B6BA1A00C2514E /* Main.storyboard in Resources */,
			);
			runOnlyForDeploymentPostprocessing = 0;
		};
/* End PBXResourcesBuildPhase section */

/* Begin PBXSourcesBuildPhase section */
		98790A9D26B6BA1A00C2514E /* Sources */ = {
			isa = PBXSourcesBuildPhase;
			buildActionMask = 2147483647;
			files = (
				98790AA926B6BA1A00C2514E /* ViewController.swift in Sources */,
				98790AA526B6BA1A00C2514E /* AppDelegate.swift in Sources */,
				98790AA726B6BA1A00C2514E /* SceneDelegate.swift in Sources */,
				9800727B26B9717D001056A6 /* TemperatureViewController.swift in Sources */,
				9890268626BCCF120047A9F3 /* Weather.swift in Sources */,
			);
			runOnlyForDeploymentPostprocessing = 0;
		};
/* End PBXSourcesBuildPhase section */

/* Begin PBXVariantGroup section */
		98790AAA26B6BA1A00C2514E /* Main.storyboard */ = {
			isa = PBXVariantGroup;
			children = (
				98790AAB26B6BA1A00C2514E /* Base */,
			);
			name = Main.storyboard;
			sourceTree = "<group>";
		};
		98790AAF26B6BA1C00C2514E /* LaunchScreen.storyboard */ = {
			isa = PBXVariantGroup;
			children = (
				98790AB026B6BA1C00C2514E /* Base */,
			);
			name = LaunchScreen.storyboard;
			sourceTree = "<group>";
		};
/* End PBXVariantGroup section */

/* Begin XCBuildConfiguration section */
		98790AB326B6BA1C00C2514E /* Debug */ = {
			isa = XCBuildConfiguration;
			buildSettings = {
				ALWAYS_SEARCH_USER_PATHS = NO;
				CLANG_ANALYZER_NONNULL = YES;
				CLANG_ANALYZER_NUMBER_OBJECT_CONVERSION = YES_AGGRESSIVE;
				CLANG_CXX_LANGUAGE_STANDARD = "gnu++14";
				CLANG_CXX_LIBRARY = "libc++";
				CLANG_ENABLE_MODULES = YES;
				CLANG_ENABLE_OBJC_ARC = YES;
				CLANG_ENABLE_OBJC_WEAK = YES;
				CLANG_WARN_BLOCK_CAPTURE_AUTORELEASING = YES;
				CLANG_WARN_BOOL_CONVERSION = YES;
				CLANG_WARN_COMMA = YES;
				CLANG_WARN_CONSTANT_CONVERSION = YES;
				CLANG_WARN_DEPRECATED_OBJC_IMPLEMENTATIONS = YES;
				CLANG_WARN_DIRECT_OBJC_ISA_USAGE = YES_ERROR;
				CLANG_WARN_DOCUMENTATION_COMMENTS = YES;
				CLANG_WARN_EMPTY_BODY = YES;
				CLANG_WARN_ENUM_CONVERSION = YES;
				CLANG_WARN_INFINITE_RECURSION = YES;
				CLANG_WARN_INT_CONVERSION = YES;
				CLANG_WARN_NON_LITERAL_NULL_CONVERSION = YES;
				CLANG_WARN_OBJC_IMPLICIT_RETAIN_SELF = YES;
				CLANG_WARN_OBJC_LITERAL_CONVERSION = YES;
				CLANG_WARN_OBJC_ROOT_CLASS = YES_ERROR;
				CLANG_WARN_QUOTED_INCLUDE_IN_FRAMEWORK_HEADER = YES;
				CLANG_WARN_RANGE_LOOP_ANALYSIS = YES;
				CLANG_WARN_STRICT_PROTOTYPES = YES;
				CLANG_WARN_SUSPICIOUS_MOVE = YES;
				CLANG_WARN_UNGUARDED_AVAILABILITY = YES_AGGRESSIVE;
				CLANG_WARN_UNREACHABLE_CODE = YES;
				CLANG_WARN__DUPLICATE_METHOD_MATCH = YES;
				COPY_PHASE_STRIP = NO;
				DEBUG_INFORMATION_FORMAT = dwarf;
				ENABLE_STRICT_OBJC_MSGSEND = YES;
				ENABLE_TESTABILITY = YES;
				GCC_C_LANGUAGE_STANDARD = gnu11;
				GCC_DYNAMIC_NO_PIC = NO;
				GCC_NO_COMMON_BLOCKS = YES;
				GCC_OPTIMIZATION_LEVEL = 0;
				GCC_PREPROCESSOR_DEFINITIONS = (
					"DEBUG=1",
					"$(inherited)",
				);
				GCC_WARN_64_TO_32_BIT_CONVERSION = YES;
				GCC_WARN_ABOUT_RETURN_TYPE = YES_ERROR;
				GCC_WARN_UNDECLARED_SELECTOR = YES;
				GCC_WARN_UNINITIALIZED_AUTOS = YES_AGGRESSIVE;
				GCC_WARN_UNUSED_FUNCTION = YES;
				GCC_WARN_UNUSED_VARIABLE = YES;
				IPHONEOS_DEPLOYMENT_TARGET = 14.5;
				MTL_ENABLE_DEBUG_INFO = INCLUDE_SOURCE;
				MTL_FAST_MATH = YES;
				ONLY_ACTIVE_ARCH = YES;
				SDKROOT = iphoneos;
				SWIFT_ACTIVE_COMPILATION_CONDITIONS = DEBUG;
				SWIFT_OPTIMIZATION_LEVEL = "-Onone";
			};
			name = Debug;
		};
		98790AB426B6BA1C00C2514E /* Release */ = {
			isa = XCBuildConfiguration;
			buildSettings = {
				ALWAYS_SEARCH_USER_PATHS = NO;
				CLANG_ANALYZER_NONNULL = YES;
				CLANG_ANALYZER_NUMBER_OBJECT_CONVERSION = YES_AGGRESSIVE;
				CLANG_CXX_LANGUAGE_STANDARD = "gnu++14";
				CLANG_CXX_LIBRARY = "libc++";
				CLANG_ENABLE_MODULES = YES;
				CLANG_ENABLE_OBJC_ARC = YES;
				CLANG_ENABLE_OBJC_WEAK = YES;
				CLANG_WARN_BLOCK_CAPTURE_AUTORELEASING = YES;
				CLANG_WARN_BOOL_CONVERSION = YES;
				CLANG_WARN_COMMA = YES;
				CLANG_WARN_CONSTANT_CONVERSION = YES;
				CLANG_WARN_DEPRECATED_OBJC_IMPLEMENTATIONS = YES;
				CLANG_WARN_DIRECT_OBJC_ISA_USAGE = YES_ERROR;
				CLANG_WARN_DOCUMENTATION_COMMENTS = YES;
				CLANG_WARN_EMPTY_BODY = YES;
				CLANG_WARN_ENUM_CONVERSION = YES;
				CLANG_WARN_INFINITE_RECURSION = YES;
				CLANG_WARN_INT_CONVERSION = YES;
				CLANG_WARN_NON_LITERAL_NULL_CONVERSION = YES;
				CLANG_WARN_OBJC_IMPLICIT_RETAIN_SELF = YES;
				CLANG_WARN_OBJC_LITERAL_CONVERSION = YES;
				CLANG_WARN_OBJC_ROOT_CLASS = YES_ERROR;
				CLANG_WARN_QUOTED_INCLUDE_IN_FRAMEWORK_HEADER = YES;
				CLANG_WARN_RANGE_LOOP_ANALYSIS = YES;
				CLANG_WARN_STRICT_PROTOTYPES = YES;
				CLANG_WARN_SUSPICIOUS_MOVE = YES;
				CLANG_WARN_UNGUARDED_AVAILABILITY = YES_AGGRESSIVE;
				CLANG_WARN_UNREACHABLE_CODE = YES;
				CLANG_WARN__DUPLICATE_METHOD_MATCH = YES;
				COPY_PHASE_STRIP = NO;
				DEBUG_INFORMATION_FORMAT = "dwarf-with-dsym";
				ENABLE_NS_ASSERTIONS = NO;
				ENABLE_STRICT_OBJC_MSGSEND = YES;
				GCC_C_LANGUAGE_STANDARD = gnu11;
				GCC_NO_COMMON_BLOCKS = YES;
				GCC_WARN_64_TO_32_BIT_CONVERSION = YES;
				GCC_WARN_ABOUT_RETURN_TYPE = YES_ERROR;
				GCC_WARN_UNDECLARED_SELECTOR = YES;
				GCC_WARN_UNINITIALIZED_AUTOS = YES_AGGRESSIVE;
				GCC_WARN_UNUSED_FUNCTION = YES;
				GCC_WARN_UNUSED_VARIABLE = YES;
				IPHONEOS_DEPLOYMENT_TARGET = 14.5;
				MTL_ENABLE_DEBUG_INFO = NO;
				MTL_FAST_MATH = YES;
				SDKROOT = iphoneos;
				SWIFT_COMPILATION_MODE = wholemodule;
				SWIFT_OPTIMIZATION_LEVEL = "-O";
				VALIDATE_PRODUCT = YES;
			};
			name = Release;
		};
		98790AB626B6BA1C00C2514E /* Debug */ = {
			isa = XCBuildConfiguration;
			buildSettings = {
				ASSETCATALOG_COMPILER_APPICON_NAME = AppIcon;
				ASSETCATALOG_COMPILER_GLOBAL_ACCENT_COLOR_NAME = AccentColor;
				CODE_SIGN_STYLE = Automatic;
				DEVELOPMENT_TEAM = PN5JFN8NYT;
				INFOPLIST_FILE = Weather/Info.plist;
				LD_RUNPATH_SEARCH_PATHS = (
					"$(inherited)",
					"@executable_path/Frameworks",
				);
				PRODUCT_BUNDLE_IDENTIFIER = yoonjong.Weather;
				PRODUCT_NAME = "$(TARGET_NAME)";
				SWIFT_VERSION = 5.0;
				TARGETED_DEVICE_FAMILY = "1,2";
			};
			name = Debug;
		};
		98790AB726B6BA1C00C2514E /* Release */ = {
			isa = XCBuildConfiguration;
			buildSettings = {
				ASSETCATALOG_COMPILER_APPICON_NAME = AppIcon;
				ASSETCATALOG_COMPILER_GLOBAL_ACCENT_COLOR_NAME = AccentColor;
				CODE_SIGN_STYLE = Automatic;
				DEVELOPMENT_TEAM = PN5JFN8NYT;
				INFOPLIST_FILE = Weather/Info.plist;
				LD_RUNPATH_SEARCH_PATHS = (
					"$(inherited)",
					"@executable_path/Frameworks",
				);
				PRODUCT_BUNDLE_IDENTIFIER = yoonjong.Weather;
				PRODUCT_NAME = "$(TARGET_NAME)";
				SWIFT_VERSION = 5.0;
				TARGETED_DEVICE_FAMILY = "1,2";
			};
			name = Release;
		};
/* End XCBuildConfiguration section */

/* Begin XCConfigurationList section */
		98790A9C26B6BA1A00C2514E /* Build configuration list for PBXProject "Weather" */ = {
			isa = XCConfigurationList;
			buildConfigurations = (
				98790AB326B6BA1C00C2514E /* Debug */,
				98790AB426B6BA1C00C2514E /* Release */,
			);
			defaultConfigurationIsVisible = 0;
			defaultConfigurationName = Release;
		};
		98790AB526B6BA1C00C2514E /* Build configuration list for PBXNativeTarget "Weather" */ = {
			isa = XCConfigurationList;
			buildConfigurations = (
				98790AB626B6BA1C00C2514E /* Debug */,
				98790AB726B6BA1C00C2514E /* Release */,
			);
			defaultConfigurationIsVisible = 0;
			defaultConfigurationName = Release;
		};
/* End XCConfigurationList section */
	};
	rootObject = 98790A9926B6BA1A00C2514E /* Project object */;
}
